<Solution>
	<Folder Name="/Solution Items/">
		<File Path=".editorconfig" />
		<File Path="Directory.Build.props" />
		<File Path="Directory.Packages.props" />
		<File Path="global.json" />
		<File Path="README.md" />
		<File Path="USAGE.md" />
		<File Path="_publish.ps1" />
	</Folder>
	<Folder Name="/src/">
		<Project Path="src/VpnHood.Net.Proxies/VpnHood.Net.Proxies.csproj" />
	</Folder>
	<Folder Name="/samples/">
		<Project Path="samples/VpnHood.Net.Proxies.ClientApp/VpnHood.Net.Proxies.ClientApp.csproj" />
		<Project Path="samples/VpnHood.Net.Proxies.ServerApp/VpnHood.Net.Proxies.ServerApp.csproj" />
	</Folder>
	<Folder Name="/tests/">
		<Project Path="tests/VpnHood.Net.Proxies.Tests/VpnHood.Net.Proxies.Tests.csproj" />
	</Folder>
</Solution>
